
Microsoft Visual Studio Solution File, Format Version 12.00
# Visual Studio 15
VisualStudioVersion = 15.0.28307.1259
MinimumVisualStudioVersion = 10.0.40219.1
Project("{FAE04EC0-301F-11D3-BF4B-00C04F79EFBC}") = "AdventCode", "AdventCode\AdventCode.csproj", "{C50B8D51-2BA3-402A-9516-658B66D87BED}"
EndProject
Global
	GlobalSection(SolutionConfigurationPlatforms) = preSolution
		Debug|Any CPU = Debug|Any CPU
		Release|Any CPU = Release|Any CPU
	EndGlobalSection
	GlobalSection(ProjectConfigurationPlatforms) = postSolution
		{C50B8D51-2BA3-402A-9516-658B66D87BED}.Debug|Any CPU.ActiveCfg = Debug|Any CPU
		{C50B8D51-2BA3-402A-9516-658B66D87BED}.Debug|Any CPU.Build.0 = Debug|Any CPU
		{C50B8D51-2BA3-402A-9516-658B66D87BED}.Release|Any CPU.ActiveCfg = Release|Any CPU
		{C50B8D51-2BA3-402A-9516-658B66D87BED}.Release|Any CPU.Build.0 = Release|Any CPU
	EndGlobalSection
	GlobalSection(SolutionProperties) = preSolution
		HideSolutionNode = FALSE
	EndGlobalSection
	GlobalSection(ExtensibilityGlobals) = postSolution
		SolutionGuid = {026AEB6D-2641-4FA7-A3CE-36E411894DEB}
	EndGlobalSection
EndGlobal
